<?xml version="1.0" encoding="utf-8"?>
<Project ToolsVersion="4.0" xmlns="http://schemas.microsoft.com/developer/msbuild/2003">
  <ItemGroup>
    <Filter Include="Source Files">
      <UniqueIdentifier>{4FC737F1-C7A5-4376-A066-2A32D752A2FF}</UniqueIdentifier>
      <Extensions>cpp;c;cc;cxx;c++;cppm;ixx;def;odl;idl;hpj;bat;asm;asmx</Extensions>
    </Filter>
    <Filter Include="Header Files">
      <UniqueIdentifier>{93995380-89BD-4b04-88EB-625FBE52EBFB}</UniqueIdentifier>
      <Extensions>h;hh;hpp;hxx;h++;hm;inl;inc;ipp;xsd</Extensions>
    </Filter>
    <Filter Include="Resource Files">
      <UniqueIdentifier>{67DA6AB6-F800-4c08-8B7A-83BB121AAD01}</UniqueIdentifier>
      <Extensions>rc;ico;cur;bmp;dlg;rc2;rct;bin;rgs;gif;jpg;jpeg;jpe;resx;tiff;tif;png;wav;mfcribbon-ms</Extensions>
    </Filter>
  </ItemGroup>
  <ItemGroup>
    <ClInclude Include="framework.h">
      <Filter>Header Files</Filter>
    </ClInclude>
    <ClInclude Include="targetver.h">
      <Filter>Header Files</Filter>
    </ClInclude>
    <ClInclude Include="Resource.h">
      <Filter>Header Files</Filter>
    </ClInclude>
    <ClInclude Include="Tools\Common\d3dUtil.h">
      <Filter>Header Files</Filter>
    </ClInclude>
    <ClInclude Include="Tools\Common\d3dx12.h">
      <Filter>Header Files</Filter>
    </ClInclude>
    <ClInclude Include="Tools\Common\DDSTextureLoader.h">
      <Filter>Header Files</Filter>
    </ClInclude>
    <ClInclude Include="Tools\Common\GameTimer.h">
      <Filter>Header Files</Filter>
    </ClInclude>
    <ClInclude Include="Tools\Common\MathHelper.h">
      <Filter>Header Files</Filter>
    </ClInclude>
    <ClInclude Include="Tools\Common\UploadBuffer.h">
      <Filter>Header Files</Filter>
    </ClInclude>
    <ClInclude Include="Tools\Delegate.h">
      <Filter>Header Files</Filter>
    </ClInclude>
    <ClInclude Include="Tools\Logger.h">
      <Filter>Header Files</Filter>
    </ClInclude>
    <ClInclude Include="Tools\Publisher.h">
      <Filter>Header Files</Filter>
    </ClInclude>
    <ClInclude Include="Tools\Singleton.h">
      <Filter>Header Files</Filter>
    </ClInclude>
    <ClInclude Include="World\Entity.h">
      <Filter>Header Files</Filter>
    </ClInclude>
    <ClInclude Include="World\WorldManager.h">
      <Filter>Header Files</Filter>
    </ClInclude>
    <ClInclude Include="Components\MeshRenderer\Material.h">
      <Filter>Header Files</Filter>
    </ClInclude>
    <ClInclude Include="Components\MeshRenderer\Mesh.h">
      <Filter>Header Files</Filter>
    </ClInclude>
    <ClInclude Include="Components\Light.h">
      <Filter>Header Files</Filter>
    </ClInclude>
    <ClInclude Include="Components\Translation.h">
      <Filter>Header Files</Filter>
    </ClInclude>
    <ClInclude Include="System\LightMoveSystem.h">
      <Filter>Header Files</Filter>
    </ClInclude>
    <ClInclude Include="System\MeshRenderer.h">
      <Filter>Header Files</Filter>
    </ClInclude>
    <ClInclude Include="System\SystemBase.h">
      <Filter>Header Files</Filter>
    </ClInclude>
    <ClInclude Include="Renderer\Shader.h">
      <Filter>Header Files</Filter>
    </ClInclude>
    <ClInclude Include="Renderer\Skybox.h">
      <Filter>Header Files</Filter>
    </ClInclude>
    <ClInclude Include="Renderer\SphereCamera.h">
      <Filter>Header Files</Filter>
    </ClInclude>
    <ClInclude Include="Renderer\GriseoRenderer.h">
      <Filter>Header Files</Filter>
    </ClInclude>
    <ClInclude Include="Interface\ComponentBase.h">
      <Filter>Header Files</Filter>
    </ClInclude>
    <ClInclude Include="Interface\ICommand.h">
      <Filter>Header Files</Filter>
    </ClInclude>
    <ClInclude Include="Interface\IComponent.h">
      <Filter>Header Files</Filter>
    </ClInclude>
    <ClInclude Include="Interface\ISerializable.h">
      <Filter>Header Files</Filter>
    </ClInclude>
    <ClInclude Include="Components\FullComponentHeader.h">
      <Filter>Header Files</Filter>
    </ClInclude>
    <ClInclude Include="Components\FullComponentClass.h">
      <Filter>Header Files</Filter>
    </ClInclude>
    <ClInclude Include="System\FullSystemHeader.h">
      <Filter>Header Files</Filter>
    </ClInclude>
    <ClInclude Include="Resources\ResourceManager.h">
      <Filter>Header Files</Filter>
    </ClInclude>
    <ClInclude Include="Resources\MeshData.h">
      <Filter>Header Files</Filter>
    </ClInclude>
    <ClInclude Include="Components\Light\SpotLight.h">
      <Filter>Header Files</Filter>
    </ClInclude>
    <ClInclude Include="Components\Light\PointLight.h">
      <Filter>Header Files</Filter>
    </ClInclude>
    <ClInclude Include="Components\Light\DirectLight.h">
      <Filter>Header Files</Filter>
    </ClInclude>
    <ClInclude Include="Tools\JSONHandler.h">
      <Filter>Header Files</Filter>
    </ClInclude>
    <ClInclude Include="Tools\Reflect.h">
      <Filter>Header Files</Filter>
    </ClInclude>
    <ClInclude Include="EditorSystem.h">
      <Filter>Header Files</Filter>
    </ClInclude>
    <ClInclude Include="Renderer\imgui\imconfig.h">
      <Filter>Header Files</Filter>
    </ClInclude>
    <ClInclude Include="Renderer\imgui\imgui.h">
      <Filter>Header Files</Filter>
    </ClInclude>
    <ClInclude Include="Renderer\imgui\imgui_impl_dx12.h">
      <Filter>Header Files</Filter>
    </ClInclude>
    <ClInclude Include="Renderer\imgui\imgui_impl_win32.h">
      <Filter>Header Files</Filter>
    </ClInclude>
    <ClInclude Include="Renderer\imgui\imgui_internal.h">
      <Filter>Header Files</Filter>
    </ClInclude>
    <ClInclude Include="Renderer\imgui\imstb_rectpack.h">
      <Filter>Header Files</Filter>
    </ClInclude>
    <ClInclude Include="Renderer\imgui\imstb_textedit.h">
      <Filter>Header Files</Filter>
    </ClInclude>
    <ClInclude Include="Renderer\imgui\imstb_truetype.h">
      <Filter>Header Files</Filter>
    </ClInclude>
    <ClInclude Include="Editor\EditorUI.h">
      <Filter>Header Files</Filter>
    </ClInclude>
    <ClInclude Include="Resources\MaterialData.h">
      <Filter>Header Files</Filter>
    </ClInclude>
    <ClInclude Include="Renderer\ShaderConstantBufferStruct.h">
      <Filter>Header Files</Filter>
    </ClInclude>
    <ClInclude Include="Tools\Action.h">
      <Filter>Header Files</Filter>
    </ClInclude>
    <ClInclude Include="stdafx.h">
      <Filter>Header Files</Filter>
    </ClInclude>
  </ItemGroup>
  <ItemGroup>
    <ClCompile Include="Elysia Engine.cpp">
      <Filter>Source Files</Filter>
    </ClCompile>
    <ClCompile Include="Tools\Common\d3dUtil.cpp">
      <Filter>Source Files</Filter>
    </ClCompile>
    <ClCompile Include="Tools\Common\DDSTextureLoader.cpp">
      <Filter>Source Files</Filter>
    </ClCompile>
    <ClCompile Include="Tools\Common\GameTimer.cpp">
      <Filter>Source Files</Filter>
    </ClCompile>
    <ClCompile Include="Tools\Common\MathHelper.cpp">
      <Filter>Source Files</Filter>
    </ClCompile>
    <ClCompile Include="Tools\Delegate.cpp">
      <Filter>Source Files</Filter>
    </ClCompile>
    <ClCompile Include="Tools\Logger.cpp">
      <Filter>Source Files</Filter>
    </ClCompile>
    <ClCompile Include="Tools\Publisher.cpp">
      <Filter>Source Files</Filter>
    </ClCompile>
    <ClCompile Include="Tools\Singleton.cpp">
      <Filter>Source Files</Filter>
    </ClCompile>
    <ClCompile Include="World\Entity.cpp">
      <Filter>Source Files</Filter>
    </ClCompile>
    <ClCompile Include="World\WorldManager.cpp">
      <Filter>Source Files</Filter>
    </ClCompile>
    <ClCompile Include="Components\MeshRenderer\Material.cpp">
      <Filter>Source Files</Filter>
    </ClCompile>
    <ClCompile Include="Components\MeshRenderer\Mesh.cpp">
      <Filter>Source Files</Filter>
    </ClCompile>
    <ClCompile Include="Components\Light.cpp">
      <Filter>Source Files</Filter>
    </ClCompile>
    <ClCompile Include="Components\Translation.cpp">
      <Filter>Source Files</Filter>
    </ClCompile>
    <ClCompile Include="System\LightMoveSystem.cpp">
      <Filter>Source Files</Filter>
    </ClCompile>
    <ClCompile Include="System\MeshRenderer.cpp">
      <Filter>Source Files</Filter>
    </ClCompile>
    <ClCompile Include="System\SystemBase.cpp">
      <Filter>Source Files</Filter>
    </ClCompile>
    <ClCompile Include="Renderer\Shader.cpp">
      <Filter>Source Files</Filter>
    </ClCompile>
    <ClCompile Include="Renderer\Skybox.cpp">
      <Filter>Source Files</Filter>
    </ClCompile>
    <ClCompile Include="Renderer\SphereCamera.cpp">
      <Filter>Source Files</Filter>
    </ClCompile>
    <ClCompile Include="Interface\ComponentBase.cpp">
      <Filter>Source Files</Filter>
    </ClCompile>
    <ClCompile Include="Interface\ICommand.cpp">
      <Filter>Source Files</Filter>
    </ClCompile>
    <ClCompile Include="Interface\IComponent.cpp">
      <Filter>Source Files</Filter>
    </ClCompile>
    <ClCompile Include="Interface\ISerializable.cpp">
      <Filter>Source Files</Filter>
    </ClCompile>
    <ClCompile Include="Resources\ResourceManager.cpp">
      <Filter>Source Files</Filter>
    </ClCompile>
    <ClCompile Include="Resources\MeshData.cpp">
      <Filter>Source Files</Filter>
    </ClCompile>
    <ClCompile Include="Components\Light\SpotLight.cpp">
      <Filter>Source Files</Filter>
    </ClCompile>
    <ClCompile Include="Components\Light\PointLight.cpp">
      <Filter>Source Files</Filter>
    </ClCompile>
    <ClCompile Include="Components\Light\DirectLight.cpp">
      <Filter>Source Files</Filter>
    </ClCompile>
    <ClCompile Include="Tools\JSONHandler.cpp">
      <Filter>Source Files</Filter>
    </ClCompile>
    <ClCompile Include="Tools\Reflect.cpp">
      <Filter>Source Files</Filter>
    </ClCompile>
    <ClCompile Include="EditorSystem.cpp">
      <Filter>Source Files</Filter>
    </ClCompile>
    <ClCompile Include="Renderer\imgui\imgui.cpp">
      <Filter>Source Files</Filter>
    </ClCompile>
    <ClCompile Include="Renderer\imgui\imgui_demo.cpp">
      <Filter>Source Files</Filter>
    </ClCompile>
    <ClCompile Include="Renderer\imgui\imgui_draw.cpp">
      <Filter>Source Files</Filter>
    </ClCompile>
    <ClCompile Include="Renderer\imgui\imgui_impl_dx12.cpp">
      <Filter>Source Files</Filter>
    </ClCompile>
    <ClCompile Include="Renderer\imgui\imgui_impl_win32.cpp">
      <Filter>Source Files</Filter>
    </ClCompile>
    <ClCompile Include="Renderer\imgui\imgui_tables.cpp">
      <Filter>Source Files</Filter>
    </ClCompile>
    <ClCompile Include="Renderer\imgui\imgui_widgets.cpp">
      <Filter>Source Files</Filter>
    </ClCompile>
    <ClCompile Include="Editor\EditorUI.cpp">
      <Filter>Source Files</Filter>
    </ClCompile>
    <ClCompile Include="Renderer\GriseoRenderer.cpp">
      <Filter>Source Files</Filter>
    </ClCompile>
    <ClCompile Include="Resources\MaterialData.cpp">
      <Filter>Source Files</Filter>
    </ClCompile>
    <ClCompile Include="stdafx.cpp">
      <Filter>Source Files</Filter>
    </ClCompile>
    <ClCompile Include="Tools\Example.ixx">
      <Filter>Source Files</Filter>
    </ClCompile>
    <ClCompile Include="Tools\Log.ixx">
      <Filter>Source Files</Filter>
    </ClCompile>
    <ClCompile Include="Tools\Debug.ixx">
      <Filter>Source Files</Filter>
    </ClCompile>
    <ClCompile Include="System\InputSystem.ixx">
      <Filter>Source Files</Filter>
    </ClCompile>
    <ClCompile Include="System\TestSystem.ixx">
      <Filter>Source Files</Filter>
    </ClCompile>
  </ItemGroup>
  <ItemGroup>
    <None Include="Components\AutoComponentGenerater.py" />
  </ItemGroup>
</Project>