<?xml version="1.0" encoding="utf-8"?>
<Project ToolsVersion="4.0" xmlns="http://schemas.microsoft.com/developer/msbuild/2003">
  <ItemGroup>
    <Filter Include="源文件">
      <UniqueIdentifier>{4FC737F1-C7A5-4376-A066-2A32D752A2FF}</UniqueIdentifier>
      <Extensions>cpp;c;cc;cxx;c++;cppm;ixx;def;odl;idl;hpj;bat;asm;asmx</Extensions>
    </Filter>
    <Filter Include="头文件">
      <UniqueIdentifier>{93995380-89BD-4b04-88EB-625FBE52EBFB}</UniqueIdentifier>
      <Extensions>h;hh;hpp;hxx;h++;hm;inl;inc;ipp;xsd</Extensions>
    </Filter>
    <Filter Include="资源文件">
      <UniqueIdentifier>{67DA6AB6-F800-4c08-8B7A-83BB121AAD01}</UniqueIdentifier>
      <Extensions>rc;ico;cur;bmp;dlg;rc2;rct;bin;rgs;gif;jpg;jpeg;jpe;resx;tiff;tif;png;wav;mfcribbon-ms</Extensions>
    </Filter>
    <Filter Include="Tools">
      <UniqueIdentifier>{d9fe9ff5-6b5d-4d08-8689-d308fa3eedc0}</UniqueIdentifier>
    </Filter>
    <Filter Include="World">
      <UniqueIdentifier>{559ad305-91af-42c9-a388-5f513c9081ea}</UniqueIdentifier>
    </Filter>
    <Filter Include="Components">
      <UniqueIdentifier>{bcd5ce53-cb84-4fc4-95cc-20d1a3a5ce8a}</UniqueIdentifier>
    </Filter>
    <Filter Include="Interface">
      <UniqueIdentifier>{4e8d81f7-e186-4534-9e67-764d79141f40}</UniqueIdentifier>
    </Filter>
  </ItemGroup>
  <ItemGroup>
    <ClInclude Include="framework.h">
      <Filter>头文件</Filter>
    </ClInclude>
    <ClInclude Include="targetver.h">
      <Filter>头文件</Filter>
    </ClInclude>
    <ClInclude Include="Resource.h">
      <Filter>头文件</Filter>
    </ClInclude>
    <ClInclude Include="LiquidEngine.h">
      <Filter>头文件</Filter>
    </ClInclude>
    <ClInclude Include="World\WorldManager.h">
      <Filter>World</Filter>
    </ClInclude>
    <ClInclude Include="World\Model.h">
      <Filter>Components</Filter>
    </ClInclude>
    <ClInclude Include="Components\Translation.h">
      <Filter>Components</Filter>
    </ClInclude>
    <ClInclude Include="Tools\JSONHandler.h">
      <Filter>Tools</Filter>
    </ClInclude>
    <ClInclude Include="Interface\ISerializable.h">
      <Filter>Interface</Filter>
    </ClInclude>
    <ClInclude Include="Global.h">
      <Filter>头文件</Filter>
    </ClInclude>
  </ItemGroup>
  <ItemGroup>
    <ClCompile Include="LiquidEngine.cpp">
      <Filter>源文件</Filter>
    </ClCompile>
    <ClCompile Include="World\WorldManager.cpp">
      <Filter>World</Filter>
    </ClCompile>
    <ClCompile Include="World\Model.cpp">
      <Filter>Components</Filter>
    </ClCompile>
    <ClCompile Include="Components\Translation.cpp">
      <Filter>Components</Filter>
    </ClCompile>
    <ClCompile Include="Tools\JSONHandler.cpp">
      <Filter>Tools</Filter>
    </ClCompile>
    <ClCompile Include="Interface\ISerializable.cpp">
      <Filter>Interface</Filter>
    </ClCompile>
    <ClCompile Include="Global.cpp">
      <Filter>源文件</Filter>
    </ClCompile>
  </ItemGroup>
  <ItemGroup>
    <ResourceCompile Include="LiquidEngine.rc">
      <Filter>资源文件</Filter>
    </ResourceCompile>
  </ItemGroup>
  <ItemGroup>
    <Image Include="small.ico">
      <Filter>资源文件</Filter>
    </Image>
    <Image Include="LiquidEngine.ico">
      <Filter>资源文件</Filter>
    </Image>
  </ItemGroup>
  <ItemGroup>
    <None Include="Resources\json\test.json" />
    <None Include="Resources\json\test1.json" />
  </ItemGroup>
</Project>